
Microsoft Visual Studio Solution File, Format Version 12.00
# Visual Studio Version 17
VisualStudioVersion = 17.5.33516.290
MinimumVisualStudioVersion = 10.0.40219.1
Project("{FAE04EC0-301F-11D3-BF4B-00C04F79EFBC}") = "metro", "metro\metro.csproj", "{80951A64-A57B-45FE-9844-6F587EDDD3AD}"
EndProject
Global
	GlobalSection(SolutionConfigurationPlatforms) = preSolution
		Debug|Any CPU = Debug|Any CPU
		Release|Any CPU = Release|Any CPU
	EndGlobalSection
	GlobalSection(ProjectConfigurationPlatforms) = postSolution
		{80951A64-A57B-45FE-9844-6F587EDDD3AD}.Debug|Any CPU.ActiveCfg = Debug|Any CPU
		{80951A64-A57B-45FE-9844-6F587EDDD3AD}.Debug|Any CPU.Build.0 = Debug|Any CPU
		{80951A64-A57B-45FE-9844-6F587EDDD3AD}.Release|Any CPU.ActiveCfg = Release|Any CPU
		{80951A64-A57B-45FE-9844-6F587EDDD3AD}.Release|Any CPU.Build.0 = Release|Any CPU
	EndGlobalSection
	GlobalSection(SolutionProperties) = preSolution
		HideSolutionNode = FALSE
	EndGlobalSection
	GlobalSection(ExtensibilityGlobals) = postSolution
		SolutionGuid = {DC32E15B-4F80-4138-A358-20B48E0CF833}
	EndGlobalSection
EndGlobal
